
Microsoft Visual Studio Solution File, Format Version 12.00
# Visual Studio Version 17
VisualStudioVersion = 17.4.33213.308
MinimumVisualStudioVersion = 10.0.40219.1
Project("{FAE04EC0-301F-11D3-BF4B-00C04F79EFBC}") = "Carak-Meeting", "Carak-Meeting\Carak-Meeting.csproj", "{264BB9E6-AEF8-48DB-8B1D-750D01FC4BB4}"
EndProject
Global
	GlobalSection(SolutionConfigurationPlatforms) = preSolution
		Debug|Any CPU = Debug|Any CPU
		Release|Any CPU = Release|Any CPU
	EndGlobalSection
	GlobalSection(ProjectConfigurationPlatforms) = postSolution
		{264BB9E6-AEF8-48DB-8B1D-750D01FC4BB4}.Debug|Any CPU.ActiveCfg = Debug|Any CPU
		{264BB9E6-AEF8-48DB-8B1D-750D01FC4BB4}.Debug|Any CPU.Build.0 = Debug|Any CPU
		{264BB9E6-AEF8-48DB-8B1D-750D01FC4BB4}.Release|Any CPU.ActiveCfg = Release|Any CPU
		{264BB9E6-AEF8-48DB-8B1D-750D01FC4BB4}.Release|Any CPU.Build.0 = Release|Any CPU
	EndGlobalSection
	GlobalSection(SolutionProperties) = preSolution
		HideSolutionNode = FALSE
	EndGlobalSection
	GlobalSection(ExtensibilityGlobals) = postSolution
		SolutionGuid = {AD0B1348-A9D7-45C7-9184-34DD5B083DA9}
	EndGlobalSection
EndGlobal
